// !$*UTF8*$!
{
	archiveVersion = 1;
	classes = {
	};
	objectVersion = 46;
	objects = {

/* Begin PBXBuildFile section */
		354C87501EE720DF00204369 /* AppDelegate.swift in Sources */ = {isa = PBXBuildFile; fileRef = 354C874F1EE720DF00204369 /* AppDelegate.swift */; };
		354C87521EE720DF00204369 /* ViewController.swift in Sources */ = {isa = PBXBuildFile; fileRef = 354C87511EE720DF00204369 /* ViewController.swift */; };
		354C87551EE720DF00204369 /* Main.storyboard in Resources */ = {isa = PBXBuildFile; fileRef = 354C87531EE720DF00204369 /* Main.storyboard */; };
		354C87571EE720DF00204369 /* Assets.xcassets in Resources */ = {isa = PBXBuildFile; fileRef = 354C87561EE720DF00204369 /* Assets.xcassets */; };
		354C875A1EE720DF00204369 /* LaunchScreen.storyboard in Resources */ = {isa = PBXBuildFile; fileRef = 354C87581EE720DF00204369 /* LaunchScreen.storyboard */; };
		356ED4851EEB0BE8005250FF /* ArithmaticalFuntions.swift in Sources */ = {isa = PBXBuildFile; fileRef = 356ED4841EEB0BE8005250FF /* ArithmaticalFuntions.swift */; };
		356ED4871EEB0E51005250FF /* AdditionalSetup.swift in Sources */ = {isa = PBXBuildFile; fileRef = 356ED4861EEB0E51005250FF /* AdditionalSetup.swift */; };
		356ED4891EEB23AF005250FF /* ButtonFunctionality.swift in Sources */ = {isa = PBXBuildFile; fileRef = 356ED4881EEB23AF005250FF /* ButtonFunctionality.swift */; };
/* End PBXBuildFile section */

/* Begin PBXFileReference section */
		354C874C1EE720DF00204369 /* Stock Calculator.app */ = {isa = PBXFileReference; explicitFileType = wrapper.application; includeInIndex = 0; path = "Stock Calculator.app"; sourceTree = BUILT_PRODUCTS_DIR; };
		354C874F1EE720DF00204369 /* AppDelegate.swift */ = {isa = PBXFileReference; lastKnownFileType = sourcecode.swift; path = AppDelegate.swift; sourceTree = "<group>"; };
		354C87511EE720DF00204369 /* ViewController.swift */ = {isa = PBXFileReference; lastKnownFileType = sourcecode.swift; path = ViewController.swift; sourceTree = "<group>"; };
		354C87541EE720DF00204369 /* Base */ = {isa = PBXFileReference; lastKnownFileType = file.storyboard; name = Base; path = Base.lproj/Main.storyboard; sourceTree = "<group>"; };
		354C87561EE720DF00204369 /* Assets.xcassets */ = {isa = PBXFileReference; lastKnownFileType = folder.assetcatalog; path = Assets.xcassets; sourceTree = "<group>"; };
		354C87591EE720DF00204369 /* Base */ = {isa = PBXFileReference; lastKnownFileType = file.storyboard; name = Base; path = Base.lproj/LaunchScreen.storyboard; sourceTree = "<group>"; };
		354C875B1EE720DF00204369 /* Info.plist */ = {isa = PBXFileReference; lastKnownFileType = text.plist.xml; path = Info.plist; sourceTree = "<group>"; };
		356ED4841EEB0BE8005250FF /* ArithmaticalFuntions.swift */ = {isa = PBXFileReference; fileEncoding = 4; lastKnownFileType = sourcecode.swift; path = ArithmaticalFuntions.swift; sourceTree = "<group>"; };
		356ED4861EEB0E51005250FF /* AdditionalSetup.swift */ = {isa = PBXFileReference; fileEncoding = 4; lastKnownFileType = sourcecode.swift; path = AdditionalSetup.swift; sourceTree = "<group>"; };
		356ED4881EEB23AF005250FF /* ButtonFunctionality.swift */ = {isa = PBXFileReference; fileEncoding = 4; lastKnownFileType = sourcecode.swift; path = ButtonFunctionality.swift; sourceTree = "<group>"; };
/* End PBXFileReference section */

/* Begin PBXFrameworksBuildPhase section */
		354C87491EE720DF00204369 /* Frameworks */ = {
			isa = PBXFrameworksBuildPhase;
			buildActionMask = 2147483647;
			files = (
			);
			runOnlyForDeploymentPostprocessing = 0;
		};
/* End PBXFrameworksBuildPhase section */

/* Begin PBXGroup section */
		354C87431EE720DF00204369 = {
			isa = PBXGroup;
			children = (
				354C874E1EE720DF00204369 /* Stock Calculator */,
				354C874D1EE720DF00204369 /* Products */,
			);
			sourceTree = "<group>";
		};
		354C874D1EE720DF00204369 /* Products */ = {
			isa = PBXGroup;
			children = (
				354C874C1EE720DF00204369 /* Stock Calculator.app */,
			);
			name = Products;
			sourceTree = "<group>";
		};
		354C874E1EE720DF00204369 /* Stock Calculator */ = {
			isa = PBXGroup;
			children = (
				354C874F1EE720DF00204369 /* AppDelegate.swift */,
				354C87511EE720DF00204369 /* ViewController.swift */,
				356ED4841EEB0BE8005250FF /* ArithmaticalFuntions.swift */,
				356ED4881EEB23AF005250FF /* ButtonFunctionality.swift */,
				356ED4861EEB0E51005250FF /* AdditionalSetup.swift */,
				354C87531EE720DF00204369 /* Main.storyboard */,
				354C87561EE720DF00204369 /* Assets.xcassets */,
				354C87581EE720DF00204369 /* LaunchScreen.storyboard */,
				354C875B1EE720DF00204369 /* Info.plist */,
			);
			path = "Stock Calculator";
			sourceTree = "<group>";
		};
/* End PBXGroup section */

/* Begin PBXNativeTarget section */
		354C874B1EE720DF00204369 /* Stock Calculator */ = {
			isa = PBXNativeTarget;
			buildConfigurationList = 354C875E1EE720DF00204369 /* Build configuration list for PBXNativeTarget "Stock Calculator" */;
			buildPhases = (
				354C87481EE720DF00204369 /* Sources */,
				354C87491EE720DF00204369 /* Frameworks */,
				354C874A1EE720DF00204369 /* Resources */,
			);
			buildRules = (
			);
			dependencies = (
			);
			name = "Stock Calculator";
			productName = "Stock Calculator";
			productReference = 354C874C1EE720DF00204369 /* Stock Calculator.app */;
			productType = "com.apple.product-type.application";
		};
/* End PBXNativeTarget section */

/* Begin PBXProject section */
		354C87441EE720DF00204369 /* Project object */ = {
			isa = PBXProject;
			attributes = {
				LastSwiftUpdateCheck = 0830;
				LastUpgradeCheck = 0830;
				ORGANIZATIONNAME = "Kristof Kocsis";
				TargetAttributes = {
					354C874B1EE720DF00204369 = {
						CreatedOnToolsVersion = 8.3.2;
						DevelopmentTeam = R7FF3496UP;
						ProvisioningStyle = Automatic;
					};
				};
			};
			buildConfigurationList = 354C87471EE720DF00204369 /* Build configuration list for PBXProject "Stock Calculator" */;
			compatibilityVersion = "Xcode 3.2";
			developmentRegion = English;
			hasScannedForEncodings = 0;
			knownRegions = (
				en,
				Base,
			);
			mainGroup = 354C87431EE720DF00204369;
			productRefGroup = 354C874D1EE720DF00204369 /* Products */;
			projectDirPath = "";
			projectRoot = "";
			targets = (
				354C874B1EE720DF00204369 /* Stock Calculator */,
			);
		};
/* End PBXProject section */

/* Begin PBXResourcesBuildPhase section */
		354C874A1EE720DF00204369 /* Resources */ = {
			isa = PBXResourcesBuildPhase;
			buildActionMask = 2147483647;
			files = (
				354C875A1EE720DF00204369 /* LaunchScreen.storyboard in Resources */,
				354C87571EE720DF00204369 /* Assets.xcassets in Resources */,
				354C87551EE720DF00204369 /* Main.storyboard in Resources */,
			);
			runOnlyForDeploymentPostprocessing = 0;
		};
/* End PBXResourcesBuildPhase section */

/* Begin PBXSourcesBuildPhase section */
		354C87481EE720DF00204369 /* Sources */ = {
			isa = PBXSourcesBuildPhase;
			buildActionMask = 2147483647;
			files = (
				356ED4891EEB23AF005250FF /* ButtonFunctionality.swift in Sources */,
				354C87521EE720DF00204369 /* ViewController.swift in Sources */,
				354C87501EE720DF00204369 /* AppDelegate.swift in Sources */,
				356ED4871EEB0E51005250FF /* AdditionalSetup.swift in Sources */,
				356ED4851EEB0BE8005250FF /* ArithmaticalFuntions.swift in Sources */,
			);
			runOnlyForDeploymentPostprocessing = 0;
		};
/* End PBXSourcesBuildPhase section */

/* Begin PBXVariantGroup section */
		354C87531EE720DF00204369 /* Main.storyboard */ = {
			isa = PBXVariantGroup;
			children = (
				354C87541EE720DF00204369 /* Base */,
			);
			name = Main.storyboard;
			sourceTree = "<group>";
		};
		354C87581EE720DF00204369 /* LaunchScreen.storyboard */ = {
			isa = PBXVariantGroup;
			children = (
				354C87591EE720DF00204369 /* Base */,
			);
			name = LaunchScreen.storyboard;
			sourceTree = "<group>";
		};
/* End PBXVariantGroup section */

/* Begin XCBuildConfiguration section */
		354C875C1EE720DF00204369 /* Debug */ = {
			isa = XCBuildConfiguration;
			buildSettings = {
				ALWAYS_SEARCH_USER_PATHS = NO;
				CLANG_ANALYZER_NONNULL = YES;
				CLANG_ANALYZER_NUMBER_OBJECT_CONVERSION = YES_AGGRESSIVE;
				CLANG_CXX_LANGUAGE_STANDARD = "gnu++0x";
				CLANG_CXX_LIBRARY = "libc++";
				CLANG_ENABLE_MODULES = YES;
				CLANG_ENABLE_OBJC_ARC = YES;
				CLANG_WARN_BOOL_CONVERSION = YES;
				CLANG_WARN_CONSTANT_CONVERSION = YES;
				CLANG_WARN_DIRECT_OBJC_ISA_USAGE = YES_ERROR;
				CLANG_WARN_DOCUMENTATION_COMMENTS = YES;
				CLANG_WARN_EMPTY_BODY = YES;
				CLANG_WARN_ENUM_CONVERSION = YES;
				CLANG_WARN_INFINITE_RECURSION = YES;
				CLANG_WARN_INT_CONVERSION = YES;
				CLANG_WARN_OBJC_ROOT_CLASS = YES_ERROR;
				CLANG_WARN_SUSPICIOUS_MOVE = YES;
				CLANG_WARN_UNREACHABLE_CODE = YES;
				CLANG_WARN__DUPLICATE_METHOD_MATCH = YES;
				"CODE_SIGN_IDENTITY[sdk=iphoneos*]" = "iPhone Developer";
				COPY_PHASE_STRIP = NO;
				DEBUG_INFORMATION_FORMAT = dwarf;
				ENABLE_STRICT_OBJC_MSGSEND = YES;
				ENABLE_TESTABILITY = YES;
				GCC_C_LANGUAGE_STANDARD = gnu99;
				GCC_DYNAMIC_NO_PIC = NO;
				GCC_NO_COMMON_BLOCKS = YES;
				GCC_OPTIMIZATION_LEVEL = 0;
				GCC_PREPROCESSOR_DEFINITIONS = (
					"DEBUG=1",
					"$(inherited)",
				);
				GCC_WARN_64_TO_32_BIT_CONVERSION = YES;
				GCC_WARN_ABOUT_RETURN_TYPE = YES_ERROR;
				GCC_WARN_UNDECLARED_SELECTOR = YES;
				GCC_WARN_UNINITIALIZED_AUTOS = YES_AGGRESSIVE;
				GCC_WARN_UNUSED_FUNCTION = YES;
				GCC_WARN_UNUSED_VARIABLE = YES;
				IPHONEOS_DEPLOYMENT_TARGET = 10.3;
				MTL_ENABLE_DEBUG_INFO = YES;
				ONLY_ACTIVE_ARCH = YES;
				SDKROOT = iphoneos;
				SWIFT_ACTIVE_COMPILATION_CONDITIONS = DEBUG;
				SWIFT_OPTIMIZATION_LEVEL = "-Onone";
				TARGETED_DEVICE_FAMILY = "1,2";
			};
			name = Debug;
		};
		354C875D1EE720DF00204369 /* Release */ = {
			isa = XCBuildConfiguration;
			buildSettings = {
				ALWAYS_SEARCH_USER_PATHS = NO;
				CLANG_ANALYZER_NONNULL = YES;
				CLANG_ANALYZER_NUMBER_OBJECT_CONVERSION = YES_AGGRESSIVE;
				CLANG_CXX_LANGUAGE_STANDARD = "gnu++0x";
				CLANG_CXX_LIBRARY = "libc++";
				CLANG_ENABLE_MODULES = YES;
				CLANG_ENABLE_OBJC_ARC = YES;
				CLANG_WARN_BOOL_CONVERSION = YES;
				CLANG_WARN_CONSTANT_CONVERSION = YES;
				CLANG_WARN_DIRECT_OBJC_ISA_USAGE = YES_ERROR;
				CLANG_WARN_DOCUMENTATION_COMMENTS = YES;
				CLANG_WARN_EMPTY_BODY = YES;
				CLANG_WARN_ENUM_CONVERSION = YES;
				CLANG_WARN_INFINITE_RECURSION = YES;
				CLANG_WARN_INT_CONVERSION = YES;
				CLANG_WARN_OBJC_ROOT_CLASS = YES_ERROR;
				CLANG_WARN_SUSPICIOUS_MOVE = YES;
				CLANG_WARN_UNREACHABLE_CODE = YES;
				CLANG_WARN__DUPLICATE_METHOD_MATCH = YES;
				"CODE_SIGN_IDENTITY[sdk=iphoneos*]" = "iPhone Developer";
				COPY_PHASE_STRIP = NO;
				DEBUG_INFORMATION_FORMAT = "dwarf-with-dsym";
				ENABLE_NS_ASSERTIONS = NO;
				ENABLE_STRICT_OBJC_MSGSEND = YES;
				GCC_C_LANGUAGE_STANDARD = gnu99;
				GCC_NO_COMMON_BLOCKS = YES;
				GCC_WARN_64_TO_32_BIT_CONVERSION = YES;
				GCC_WARN_ABOUT_RETURN_TYPE = YES_ERROR;
				GCC_WARN_UNDECLARED_SELECTOR = YES;
				GCC_WARN_UNINITIALIZED_AUTOS = YES_AGGRESSIVE;
				GCC_WARN_UNUSED_FUNCTION = YES;
				GCC_WARN_UNUSED_VARIABLE = YES;
				IPHONEOS_DEPLOYMENT_TARGET = 10.3;
				MTL_ENABLE_DEBUG_INFO = NO;
				SDKROOT = iphoneos;
				SWIFT_OPTIMIZATION_LEVEL = "-Owholemodule";
				TARGETED_DEVICE_FAMILY = "1,2";
				VALIDATE_PRODUCT = YES;
			};
			name = Release;
		};
		354C875F1EE720DF00204369 /* Debug */ = {
			isa = XCBuildConfiguration;
			buildSettings = {
				ASSETCATALOG_COMPILER_APPICON_NAME = AppIcon;
				DEVELOPMENT_TEAM = R7FF3496UP;
				INFOPLIST_FILE = "Stock Calculator/Info.plist";
				LD_RUNPATH_SEARCH_PATHS = "$(inherited) @executable_path/Frameworks";
				PRODUCT_BUNDLE_IDENTIFIER = "kk.Stock-Calculator";
				PRODUCT_NAME = "$(TARGET_NAME)";
				SWIFT_VERSION = 3.0;
			};
			name = Debug;
		};
		354C87601EE720DF00204369 /* Release */ = {
			isa = XCBuildConfiguration;
			buildSettings = {
				ASSETCATALOG_COMPILER_APPICON_NAME = AppIcon;
				DEVELOPMENT_TEAM = R7FF3496UP;
				INFOPLIST_FILE = "Stock Calculator/Info.plist";
				LD_RUNPATH_SEARCH_PATHS = "$(inherited) @executable_path/Frameworks";
				PRODUCT_BUNDLE_IDENTIFIER = "kk.Stock-Calculator";
				PRODUCT_NAME = "$(TARGET_NAME)";
				SWIFT_VERSION = 3.0;
			};
			name = Release;
		};
/* End XCBuildConfiguration section */

/* Begin XCConfigurationList section */
		354C87471EE720DF00204369 /* Build configuration list for PBXProject "Stock Calculator" */ = {
			isa = XCConfigurationList;
			buildConfigurations = (
				354C875C1EE720DF00204369 /* Debug */,
				354C875D1EE720DF00204369 /* Release */,
			);
			defaultConfigurationIsVisible = 0;
			defaultConfigurationName = Release;
		};
		354C875E1EE720DF00204369 /* Build configuration list for PBXNativeTarget "Stock Calculator" */ = {
			isa = XCConfigurationList;
			buildConfigurations = (
				354C875F1EE720DF00204369 /* Debug */,
				354C87601EE720DF00204369 /* Release */,
			);
			defaultConfigurationIsVisible = 0;
			defaultConfigurationName = Release;
		};
/* End XCConfigurationList section */
	};
	rootObject = 354C87441EE720DF00204369 /* Project object */;
}
